{
  "name": "adventofcode2019",
  "version": "1.0.0",
  "lockfileVersion": 1,
  "requires": true,
  "dependencies": {
    "@arrows/array": {
      "version": "1.2.1",
      "resolved": "https://registry.npmjs.org/@arrows/array/-/array-1.2.1.tgz",
      "integrity": "sha512-JdsApqtmfiU6KbwMeXQm0hTXYkFdYX/QPVA4vMOcZjAoZTJPWTVl9LjiuJGsRSh6L1KptH/URoQWvnpSel/6Cg==",
      "requires": {
        "@arrows/composition": "^1.0.0"
      }
    },
    "@arrows/arrows": {
      "version": "0.5.0",
      "resolved": "https://registry.npmjs.org/@arrows/arrows/-/arrows-0.5.0.tgz",
      "integrity": "sha512-IWVGItkiZtNj+ClE5Iyb1KqimoFeP0sb4T9/JitTnABn+aQDrCecZ86X+g7OOWwzcG3H1jFMVFh2RT8W6C1t/g==",
      "requires": {
        "@arrows/array": "^1.3.0",
        "@arrows/composition": "^1.2.1",
        "@arrows/dispatch": "^1.0.2",
        "@arrows/error": "^1.0.2",
        "@arrows/multimethod": "^1.1.6",
        "@arrows/worker": "^1.2.0"
      },
      "dependencies": {
        "@arrows/array": {
          "version": "1.3.0",
          "resolved": "https://registry.npmjs.org/@arrows/array/-/array-1.3.0.tgz",
          "integrity": "sha512-1hC+gNj8aWS22WTP5LTYDpYEYei/ODsta6Prku5BbFi3NC5SN1g7pjX/NM45mdwN9RgucIdNNGYoyMUiIsk/Cw==",
          "requires": {
            "@arrows/composition": "^1.0.0"
          }
        }
      }
    },
    "@arrows/composition": {
      "version": "1.2.1",
      "resolved": "https://registry.npmjs.org/@arrows/composition/-/composition-1.2.1.tgz",
      "integrity": "sha512-dLO+ZnvbtU55eIO+m9nRMpzM8ZQuawOp1qaSNlZnjHNQlbLfetdb1kxXYI33JIliE8Sf3vSFWX+JTYvEI3TKmA=="
    },
    "@arrows/dispatch": {
      "version": "1.0.2",
      "resolved": "https://registry.npmjs.org/@arrows/dispatch/-/dispatch-1.0.2.tgz",
      "integrity": "sha512-NlPP5GBuEMl3GC/leFK2s9jDCNOVLLrF1AqySA5Vm7LEy49zcoeTEooetkwWZ506ST5fBvoVcEjonONaROcQCA==",
      "requires": {
        "@arrows/composition": "^1.0.0"
      }
    },
    "@arrows/error": {
      "version": "1.0.2",
      "resolved": "https://registry.npmjs.org/@arrows/error/-/error-1.0.2.tgz",
      "integrity": "sha512-yvkiv1ay4Z3+Z6oQsUkedsQm5aFdyPpkBUQs8vejazU/RmANABx6bMMcBPPHI4aW43VPQmXFfBzr/4FExwWTEA=="
    },
    "@arrows/multimethod": {
      "version": "1.1.6",
      "resolved": "https://registry.npmjs.org/@arrows/multimethod/-/multimethod-1.1.6.tgz",
      "integrity": "sha512-bhH5M/xa0mHKQe1MoVLLzpKSw10JYeiE7ADlFwOQcJyXQ40CP3QDrhIML0T6xU216ujrF4TkU5FNvoJgtfiXVw==",
      "requires": {
        "@arrows/array": "^1.0.0",
        "@arrows/composition": "^1.0.0",
        "@arrows/error": "^1.0.2",
        "fast-deep-equal": "^2.0.1"
      }
    },
    "@arrows/worker": {
      "version": "1.2.0",
      "resolved": "https://registry.npmjs.org/@arrows/worker/-/worker-1.2.0.tgz",
      "integrity": "sha512-fwBVv283yvz3gbyz/MdP3EkNewdZMDL6JBn48texX9+00FycWKSRR9iCDpo6ZpnnoajIGbqjQgec/l2lT2lhyQ==",
      "requires": {
        "get-caller-file": "^2.0.5"
      }
    },
    "@babel/runtime": {
      "version": "7.7.6",
      "resolved": "https://registry.npmjs.org/@babel/runtime/-/runtime-7.7.6.tgz",
      "integrity": "sha512-BWAJxpNVa0QlE5gZdWjSxXtemZyZ9RmrmVozxt3NUXeZhVIJ5ANyqmMc0JDrivBZyxUuQvFxlvH4OWWOogGfUw==",
      "requires": {
        "regenerator-runtime": "^0.13.2"
      }
    },
    "@babel/runtime-corejs2": {
      "version": "7.7.6",
      "resolved": "https://registry.npmjs.org/@babel/runtime-corejs2/-/runtime-corejs2-7.7.6.tgz",
      "integrity": "sha512-QYp/8xdH8iMin3pH5gtT/rUuttVfIcOhWBC3wh9Eh/qs4jEe39+3DpCDLgWXhMQgiCTOH8mrLSvQ0OHOCcox9g==",
      "requires": {
        "core-js": "^2.6.5",
        "regenerator-runtime": "^0.13.2"
      }
    },
    "@dagrejs/graphlib": {
      "version": "2.1.4",
      "resolved": "https://registry.npmjs.org/@dagrejs/graphlib/-/graphlib-2.1.4.tgz",
      "integrity": "sha512-QCg9sL4uhjn468FDEsb/S9hS2xUZSrv/+dApb1Ze5VKO96pTXKNJZ6MGhIpgWkc1TVhbVGH9/7rq/Mf8/jWicw==",
      "requires": {
        "lodash": "^4.11.1"
      }
    },
    "@types/graphlib": {
      "version": "2.1.5",
      "resolved": "https://registry.npmjs.org/@types/graphlib/-/graphlib-2.1.5.tgz",
      "integrity": "sha512-ZNQa42alTPUbBZ6c2einxsHmnz/YX/CqB8a1P5QTmbBqr9Q4x01fqPdXwBmMBQOm67fg9rACpidyIaCtvg8RVQ=="
    },
    "@types/json5": {
      "version": "0.0.29",
      "resolved": "https://registry.npmjs.org/@types/json5/-/json5-0.0.29.tgz",
      "integrity": "sha1-7ihweulOEdK4J7y+UnC86n8+ce4="
    },
    "@types/node": {
      "version": "12.12.14",
      "resolved": "https://registry.npmjs.org/@types/node/-/node-12.12.14.tgz",
      "integrity": "sha512-u/SJDyXwuihpwjXy7hOOghagLEV1KdAST6syfnOk6QZAMzZuWZqXy5aYYZbh8Jdpd4escVFP0MvftHNDb9pruA==",
      "dev": true
    },
    "@types/ramda": {
      "version": "0.26.38",
      "resolved": "https://registry.npmjs.org/@types/ramda/-/ramda-0.26.38.tgz",
      "integrity": "sha512-legQx15y72vedr5fkVTb5xZaI/OXMzJgZYbMxVL5r269sOg7fZIeitEOumcevMPOMZdqH4cMoL35VuU13TLvVA==",
      "dev": true,
      "requires": {
        "ts-toolbelt": "^4.12.0"
      }
    },
    "arg": {
      "version": "4.1.2",
      "resolved": "https://registry.npmjs.org/arg/-/arg-4.1.2.tgz",
      "integrity": "sha512-+ytCkGcBtHZ3V2r2Z06AncYO8jz46UEamcspGoU8lHcEbpn6J77QK0vdWvChsclg/tM5XIJC5tnjmPp7Eq6Obg=="
    },
    "buffer-from": {
      "version": "1.1.1",
      "resolved": "https://registry.npmjs.org/buffer-from/-/buffer-from-1.1.1.tgz",
      "integrity": "sha512-MQcXEUbCKtEo7bhqEs6560Hyd4XaovZlO/k9V3hjVUF/zwW7KBVdSK4gIt/bzwS9MbR5qob+F5jusZsb0YQK2A=="
    },
    "core-js": {
      "version": "2.6.11",
      "resolved": "https://registry.npmjs.org/core-js/-/core-js-2.6.11.tgz",
      "integrity": "sha512-5wjnpaT/3dV+XB4borEsnAYQchn00XSgTAWKDkEqv+K8KevjbzmofK6hfJ9TZIlpj2N0xQpazy7PiRQiWHqzWg=="
    },
    "dequeue": {
      "version": "1.0.5",
      "resolved": "https://registry.npmjs.org/dequeue/-/dequeue-1.0.5.tgz",
      "integrity": "sha1-EPHO8H4yNLIdyzj0v6LWYDSrZ8c="
    },
    "diff": {
      "version": "4.0.1",
      "resolved": "https://registry.npmjs.org/diff/-/diff-4.0.1.tgz",
      "integrity": "sha512-s2+XdvhPCOF01LRQBC8hf4vhbVmI2CGS5aZnxLJlT5FtdhPCDFq80q++zK2KlrVorVDdL5BOGZ/VfLrVtYNF+Q=="
    },
    "dotless": {
      "version": "1.0.0-beta.12",
      "resolved": "https://registry.npmjs.org/dotless/-/dotless-1.0.0-beta.12.tgz",
      "integrity": "sha512-1Y1mybrrBvDgoclrXBgwvKWULvUYW4JtVA2isuVFiim3QqlpcTQd2oNvhVYQpMn384GDnH3ayjZa+mqynQHpdQ=="
    },
    "fast-deep-equal": {
      "version": "2.0.1",
      "resolved": "https://registry.npmjs.org/fast-deep-equal/-/fast-deep-equal-2.0.1.tgz",
      "integrity": "sha1-ewUhjd+WZ79/Nwv3/bLLFf3Qqkk="
    },
    "get-caller-file": {
      "version": "2.0.5",
      "resolved": "https://registry.npmjs.org/get-caller-file/-/get-caller-file-2.0.5.tgz",
      "integrity": "sha512-DyFP3BM/3YHTQOCUL/w0OZHR0lpKeGrxotcHWcqNEdnltqFwXVfhEBQ94eIo34AfQpo0rGki4cyIiftY06h2Fg=="
    },
    "graphlib": {
      "version": "2.1.8",
      "resolved": "https://registry.npmjs.org/graphlib/-/graphlib-2.1.8.tgz",
      "integrity": "sha512-jcLLfkpoVGmH7/InMC/1hIvOPSUh38oJtGhvrOFGzioE1DZ+0YW16RgmOJhHiuWTvGiJQ9Z1Ik43JvkRPRvE+A==",
      "requires": {
        "lodash": "^4.17.15"
      }
    },
    "iter-tools": {
      "version": "6.2.6",
      "resolved": "https://registry.npmjs.org/iter-tools/-/iter-tools-6.2.6.tgz",
      "integrity": "sha512-DlBSv7cIrM214wYFxyz4vg98BmEpxFTGx37ei/ktYT05shJHoDwz7wuaPx3XhaJi1uGEc5bM+vUBWhm3z6yNIg==",
      "requires": {
        "@babel/runtime": "^7.0.0",
        "@babel/runtime-corejs2": "^7.1.5",
        "dequeue": "^1.0.5",
        "little-ds-toolkit": "^1.1.0",
        "typescript-tuple": "^2.1.0",
        "typescript-union": "^0.1.0",
        "utility-types": "^3.2.1"
      }
    },
    "json5": {
      "version": "1.0.1",
      "resolved": "https://registry.npmjs.org/json5/-/json5-1.0.1.tgz",
      "integrity": "sha512-aKS4WQjPenRxiQsC93MNfjx+nbF4PAdYzmd/1JIj8HYzqfbu86beTuNgXDzPknWk0n0uARlyewZo4s++ES36Ow==",
      "requires": {
        "minimist": "^1.2.0"
      }
    },
    "little-ds-toolkit": {
      "version": "1.1.1",
      "resolved": "https://registry.npmjs.org/little-ds-toolkit/-/little-ds-toolkit-1.1.1.tgz",
      "integrity": "sha512-Zl5flhnd5W6nhRCyoL1bNlU8M5CWFp6SItMmK4pj39LKgzQD7LGg591OJ0jwDKat7mjHvJVkOyJT+BXOQH4iXw=="
    },
    "lodash": {
      "version": "4.17.15",
      "resolved": "https://registry.npmjs.org/lodash/-/lodash-4.17.15.tgz",
      "integrity": "sha512-8xOcRHvCjnocdS5cpwXQXVzmmh5e5+saE2QGoeQmbKmRS6J3VQppPOIt0MnmE+4xlZoumy0GPG0D0MVIQbNA1A=="
    },
    "make-error": {
      "version": "1.3.5",
      "resolved": "https://registry.npmjs.org/make-error/-/make-error-1.3.5.tgz",
      "integrity": "sha512-c3sIjNUow0+8swNwVpqoH4YCShKNFkMaw6oH1mNS2haDZQqkeZFlHS3dhoeEbKKmJB4vXpJucU6oH75aDYeE9g=="
    },
    "minimist": {
      "version": "1.2.0",
      "resolved": "https://registry.npmjs.org/minimist/-/minimist-1.2.0.tgz",
      "integrity": "sha1-o1AIsg9BOD7sH7kU9M1d95omQoQ="
    },
    "ramda": {
      "version": "0.26.1",
      "resolved": "https://registry.npmjs.org/ramda/-/ramda-0.26.1.tgz",
      "integrity": "sha512-hLWjpy7EnsDBb0p+Z3B7rPi3GDeRG5ZtiI33kJhTt+ORCd38AbAIjB/9zRIUoeTbE/AVX5ZkU7m6bznsvrf8eQ=="
    },
    "regenerator-runtime": {
      "version": "0.13.3",
      "resolved": "https://registry.npmjs.org/regenerator-runtime/-/regenerator-runtime-0.13.3.tgz",
      "integrity": "sha512-naKIZz2GQ8JWh///G7L3X6LaQUAMp2lvb1rvwwsURe/VXwD6VMfr+/1NuNw3ag8v2kY1aQ/go5SNn79O9JU7yw=="
    },
    "source-map": {
      "version": "0.6.1",
      "resolved": "https://registry.npmjs.org/source-map/-/source-map-0.6.1.tgz",
      "integrity": "sha512-UjgapumWlbMhkBgzT7Ykc5YXUT46F0iKu8SGXq0bcwP5dz/h0Plj6enJqjz1Zbq2l5WaqYnrVbwWOWMyF3F47g=="
    },
    "source-map-support": {
      "version": "0.5.16",
      "resolved": "https://registry.npmjs.org/source-map-support/-/source-map-support-0.5.16.tgz",
      "integrity": "sha512-efyLRJDr68D9hBBNIPWFjhpFzURh+KJykQwvMyW5UiZzYwoF6l4YMMDIJJEyFWxWCqfyxLzz6tSfUFR+kXXsVQ==",
      "requires": {
        "buffer-from": "^1.0.0",
        "source-map": "^0.6.0"
      }
    },
    "strip-bom": {
      "version": "3.0.0",
      "resolved": "https://registry.npmjs.org/strip-bom/-/strip-bom-3.0.0.tgz",
      "integrity": "sha1-IzTBjpx1n3vdVv3vfprj1YjmjtM="
    },
    "ts-node": {
      "version": "8.5.4",
      "resolved": "https://registry.npmjs.org/ts-node/-/ts-node-8.5.4.tgz",
      "integrity": "sha512-izbVCRV68EasEPQ8MSIGBNK9dc/4sYJJKYA+IarMQct1RtEot6Xp0bXuClsbUSnKpg50ho+aOAx8en5c+y4OFw==",
      "requires": {
        "arg": "^4.1.0",
        "diff": "^4.0.1",
        "make-error": "^1.1.1",
        "source-map-support": "^0.5.6",
        "yn": "^3.0.0"
      }
    },
    "ts-toolbelt": {
      "version": "4.13.5",
      "resolved": "https://registry.npmjs.org/ts-toolbelt/-/ts-toolbelt-4.13.5.tgz",
      "integrity": "sha512-qe2/3hXY+wyKTt4Pge/YKkoOED2UiKbHgZgEb3jkS3KBJVyVWMNyb90Kzp7C3KFWcc+QkeifNO7MRwXWhNW+Mw==",
      "dev": true
    },
    "tsconfig-paths": {
      "version": "3.9.0",
      "resolved": "https://registry.npmjs.org/tsconfig-paths/-/tsconfig-paths-3.9.0.tgz",
      "integrity": "sha512-dRcuzokWhajtZWkQsDVKbWyY+jgcLC5sqJhg2PSgf4ZkH2aHPvaOY8YWGhmjb68b5qqTfasSsDO9k7RUiEmZAw==",
      "requires": {
        "@types/json5": "^0.0.29",
        "json5": "^1.0.1",
        "minimist": "^1.2.0",
        "strip-bom": "^3.0.0"
      }
    },
    "typescript": {
      "version": "3.7.3",
      "resolved": "https://registry.npmjs.org/typescript/-/typescript-3.7.3.tgz",
      "integrity": "sha512-Mcr/Qk7hXqFBXMN7p7Lusj1ktCBydylfQM/FZCk5glCNQJrCUKPkMHdo9R0MTFWsC/4kPFvDS0fDPvukfCkFsw==",
      "dev": true
    },
    "typescript-compare": {
      "version": "0.0.2",
      "resolved": "https://registry.npmjs.org/typescript-compare/-/typescript-compare-0.0.2.tgz",
      "integrity": "sha512-8ja4j7pMHkfLJQO2/8tut7ub+J3Lw2S3061eJLFQcvs3tsmJKp8KG5NtpLn7KcY2w08edF74BSVN7qJS0U6oHA==",
      "requires": {
        "typescript-logic": "^0.0.0"
      }
    },
    "typescript-logic": {
      "version": "0.0.0",
      "resolved": "https://registry.npmjs.org/typescript-logic/-/typescript-logic-0.0.0.tgz",
      "integrity": "sha512-zXFars5LUkI3zP492ls0VskH3TtdeHCqu0i7/duGt60i5IGPIpAHE/DWo5FqJ6EjQ15YKXrt+AETjv60Dat34Q=="
    },
    "typescript-tuple": {
      "version": "2.2.1",
      "resolved": "https://registry.npmjs.org/typescript-tuple/-/typescript-tuple-2.2.1.tgz",
      "integrity": "sha512-Zcr0lbt8z5ZdEzERHAMAniTiIKerFCMgd7yjq1fPnDJ43et/k9twIFQMUYff9k5oXcsQ0WpvFcgzK2ZKASoW6Q==",
      "requires": {
        "typescript-compare": "^0.0.2"
      }
    },
    "typescript-union": {
      "version": "0.1.2",
      "resolved": "https://registry.npmjs.org/typescript-union/-/typescript-union-0.1.2.tgz",
      "integrity": "sha512-pzfdtUZ8teglF69/dllzgd6yV7ikoszPHVyOkl4WGICRhTJgCTwL3+ZnnF/hvII536VbsNMQfd9GmLBNhtsmgg==",
      "requires": {
        "typescript-tuple": "^2.2.1",
        "utility-types": "^3.4.1"
      }
    },
    "utility-types": {
      "version": "3.10.0",
      "resolved": "https://registry.npmjs.org/utility-types/-/utility-types-3.10.0.tgz",
      "integrity": "sha512-O11mqxmi7wMKCo6HKFt5AhO4BwY3VV68YU07tgxfz8zJTIxr4BpsezN49Ffwy9j3ZpwwJp4fkRwjRzq3uWE6Rg=="
    },
    "yn": {
      "version": "3.1.1",
      "resolved": "https://registry.npmjs.org/yn/-/yn-3.1.1.tgz",
      "integrity": "sha512-Ux4ygGWsu2c7isFWe8Yu1YluJmqVhxqK2cLXNQA5AcC3QfbGNpM7fu0Y8b/z16pXLnFxZYvWhd3fhBY9DLmC6Q=="
    }
  }
}
